// !$*UTF8*$!
{
	archiveVersion = 1;
	classes = {
	};
	objectVersion = 46;
	objects = {

/* Begin PBXBuildFile section */
		3328EB4219421B6E00A2832F /* AppDelegate.swift in Sources */ = {isa = PBXBuildFile; fileRef = 3328EB4119421B6E00A2832F /* AppDelegate.swift */; };
		3328EB4419421B6E00A2832F /* Images.xcassets in Resources */ = {isa = PBXBuildFile; fileRef = 3328EB4319421B6E00A2832F /* Images.xcassets */; };
		3328EB5019421B6E00A2832F /* TLJSONDemoTests.swift in Sources */ = {isa = PBXBuildFile; fileRef = 3328EB4F19421B6E00A2832F /* TLJSONDemoTests.swift */; };
		3328EB5A19421B7A00A2832F /* TLJson.swift in Sources */ = {isa = PBXBuildFile; fileRef = 3328EB5919421B7A00A2832F /* TLJson.swift */; };
		3328EB5F19421C6A00A2832F /* TableViewController.swift in Sources */ = {isa = PBXBuildFile; fileRef = 3328EB5D19421C6A00A2832F /* TableViewController.swift */; };
		3328EB6019421C6A00A2832F /* TableViewController.xib in Resources */ = {isa = PBXBuildFile; fileRef = 3328EB5E19421C6A00A2832F /* TableViewController.xib */; };
/* End PBXBuildFile section */

/* Begin PBXContainerItemProxy section */
		3328EB4A19421B6E00A2832F /* PBXContainerItemProxy */ = {
			isa = PBXContainerItemProxy;
			containerPortal = 3328EB3419421B6E00A2832F /* Project object */;
			proxyType = 1;
			remoteGlobalIDString = 3328EB3B19421B6E00A2832F;
			remoteInfo = TLJSONDemo;
		};
		3328EB6119421F1800A2832F /* PBXContainerItemProxy */ = {
			isa = PBXContainerItemProxy;
			containerPortal = 3328EB3419421B6E00A2832F /* Project object */;
			proxyType = 1;
			remoteGlobalIDString = 3328EB3B19421B6E00A2832F;
			remoteInfo = TLJSONDemo;
		};
/* End PBXContainerItemProxy section */

/* Begin PBXFileReference section */
		3328EB3C19421B6E00A2832F /* TLJSONDemo.app */ = {isa = PBXFileReference; explicitFileType = wrapper.application; includeInIndex = 0; path = TLJSONDemo.app; sourceTree = BUILT_PRODUCTS_DIR; };
		3328EB4019421B6E00A2832F /* Info.plist */ = {isa = PBXFileReference; lastKnownFileType = text.plist.xml; path = Info.plist; sourceTree = "<group>"; };
		3328EB4119421B6E00A2832F /* AppDelegate.swift */ = {isa = PBXFileReference; lastKnownFileType = sourcecode.swift; path = AppDelegate.swift; sourceTree = "<group>"; };
		3328EB4319421B6E00A2832F /* Images.xcassets */ = {isa = PBXFileReference; lastKnownFileType = folder.assetcatalog; path = Images.xcassets; sourceTree = "<group>"; };
		3328EB4919421B6E00A2832F /* TLJSONDemoTests.xctest */ = {isa = PBXFileReference; explicitFileType = wrapper.cfbundle; includeInIndex = 0; path = TLJSONDemoTests.xctest; sourceTree = BUILT_PRODUCTS_DIR; };
		3328EB4E19421B6E00A2832F /* Info.plist */ = {isa = PBXFileReference; lastKnownFileType = text.plist.xml; path = Info.plist; sourceTree = "<group>"; };
		3328EB4F19421B6E00A2832F /* TLJSONDemoTests.swift */ = {isa = PBXFileReference; lastKnownFileType = sourcecode.swift; path = TLJSONDemoTests.swift; sourceTree = "<group>"; };
		3328EB5919421B7A00A2832F /* TLJson.swift */ = {isa = PBXFileReference; fileEncoding = 4; lastKnownFileType = sourcecode.swift; path = TLJson.swift; sourceTree = "<group>"; };
		3328EB5D19421C6A00A2832F /* TableViewController.swift */ = {isa = PBXFileReference; fileEncoding = 4; lastKnownFileType = sourcecode.swift; path = TableViewController.swift; sourceTree = "<group>"; };
		3328EB5E19421C6A00A2832F /* TableViewController.xib */ = {isa = PBXFileReference; fileEncoding = 4; lastKnownFileType = file.xib; path = TableViewController.xib; sourceTree = "<group>"; };
/* End PBXFileReference section */

/* Begin PBXFrameworksBuildPhase section */
		3328EB3919421B6E00A2832F /* Frameworks */ = {
			isa = PBXFrameworksBuildPhase;
			buildActionMask = 2147483647;
			files = (
			);
			runOnlyForDeploymentPostprocessing = 0;
		};
		3328EB4619421B6E00A2832F /* Frameworks */ = {
			isa = PBXFrameworksBuildPhase;
			buildActionMask = 2147483647;
			files = (
			);
			runOnlyForDeploymentPostprocessing = 0;
		};
/* End PBXFrameworksBuildPhase section */

/* Begin PBXGroup section */
		3328EB3319421B6E00A2832F = {
			isa = PBXGroup;
			children = (
				3328EB3E19421B6E00A2832F /* TLJSONDemo */,
				3328EB4C19421B6E00A2832F /* TLJSONDemoTests */,
				3328EB3D19421B6E00A2832F /* Products */,
			);
			sourceTree = "<group>";
		};
		3328EB3D19421B6E00A2832F /* Products */ = {
			isa = PBXGroup;
			children = (
				3328EB3C19421B6E00A2832F /* TLJSONDemo.app */,
				3328EB4919421B6E00A2832F /* TLJSONDemoTests.xctest */,
			);
			name = Products;
			sourceTree = "<group>";
		};
		3328EB3E19421B6E00A2832F /* TLJSONDemo */ = {
			isa = PBXGroup;
			children = (
				3328EB5919421B7A00A2832F /* TLJson.swift */,
				3328EB4119421B6E00A2832F /* AppDelegate.swift */,
				3328EB4319421B6E00A2832F /* Images.xcassets */,
				3328EB3F19421B6E00A2832F /* Supporting Files */,
				3328EB5D19421C6A00A2832F /* TableViewController.swift */,
				3328EB5E19421C6A00A2832F /* TableViewController.xib */,
			);
			path = TLJSONDemo;
			sourceTree = "<group>";
		};
		3328EB3F19421B6E00A2832F /* Supporting Files */ = {
			isa = PBXGroup;
			children = (
				3328EB4019421B6E00A2832F /* Info.plist */,
			);
			name = "Supporting Files";
			sourceTree = "<group>";
		};
		3328EB4C19421B6E00A2832F /* TLJSONDemoTests */ = {
			isa = PBXGroup;
			children = (
				3328EB4F19421B6E00A2832F /* TLJSONDemoTests.swift */,
				3328EB4D19421B6E00A2832F /* Supporting Files */,
			);
			path = TLJSONDemoTests;
			sourceTree = "<group>";
		};
		3328EB4D19421B6E00A2832F /* Supporting Files */ = {
			isa = PBXGroup;
			children = (
				3328EB4E19421B6E00A2832F /* Info.plist */,
			);
			name = "Supporting Files";
			sourceTree = "<group>";
		};
/* End PBXGroup section */

/* Begin PBXNativeTarget section */
		3328EB3B19421B6E00A2832F /* TLJSONDemo */ = {
			isa = PBXNativeTarget;
			buildConfigurationList = 3328EB5319421B6E00A2832F /* Build configuration list for PBXNativeTarget "TLJSONDemo" */;
			buildPhases = (
				3328EB3819421B6E00A2832F /* Sources */,
				3328EB3919421B6E00A2832F /* Frameworks */,
				3328EB3A19421B6E00A2832F /* Resources */,
			);
			buildRules = (
			);
			dependencies = (
			);
			name = TLJSONDemo;
			productName = TLJSONDemo;
			productReference = 3328EB3C19421B6E00A2832F /* TLJSONDemo.app */;
			productType = "com.apple.product-type.application";
		};
		3328EB4819421B6E00A2832F /* TLJSONDemoTests */ = {
			isa = PBXNativeTarget;
			buildConfigurationList = 3328EB5619421B6E00A2832F /* Build configuration list for PBXNativeTarget "TLJSONDemoTests" */;
			buildPhases = (
				3328EB4519421B6E00A2832F /* Sources */,
				3328EB4619421B6E00A2832F /* Frameworks */,
				3328EB4719421B6E00A2832F /* Resources */,
			);
			buildRules = (
			);
			dependencies = (
				3328EB4B19421B6E00A2832F /* PBXTargetDependency */,
				3328EB6219421F1800A2832F /* PBXTargetDependency */,
			);
			name = TLJSONDemoTests;
			productName = TLJSONDemoTests;
			productReference = 3328EB4919421B6E00A2832F /* TLJSONDemoTests.xctest */;
			productType = "com.apple.product-type.bundle.unit-test";
		};
/* End PBXNativeTarget section */

/* Begin PBXProject section */
		3328EB3419421B6E00A2832F /* Project object */ = {
			isa = PBXProject;
			attributes = {
				LastUpgradeCheck = 0600;
				ORGANIZATIONNAME = "Thor Lin";
				TargetAttributes = {
					3328EB3B19421B6E00A2832F = {
						CreatedOnToolsVersion = 6.0;
					};
					3328EB4819421B6E00A2832F = {
						CreatedOnToolsVersion = 6.0;
						TestTargetID = 3328EB3B19421B6E00A2832F;
					};
				};
			};
			buildConfigurationList = 3328EB3719421B6E00A2832F /* Build configuration list for PBXProject "TLJSONDemo" */;
			compatibilityVersion = "Xcode 3.2";
			developmentRegion = English;
			hasScannedForEncodings = 0;
			knownRegions = (
				en,
			);
			mainGroup = 3328EB3319421B6E00A2832F;
			productRefGroup = 3328EB3D19421B6E00A2832F /* Products */;
			projectDirPath = "";
			projectRoot = "";
			targets = (
				3328EB3B19421B6E00A2832F /* TLJSONDemo */,
				3328EB4819421B6E00A2832F /* TLJSONDemoTests */,
			);
		};
/* End PBXProject section */

/* Begin PBXResourcesBuildPhase section */
		3328EB3A19421B6E00A2832F /* Resources */ = {
			isa = PBXResourcesBuildPhase;
			buildActionMask = 2147483647;
			files = (
				3328EB6019421C6A00A2832F /* TableViewController.xib in Resources */,
				3328EB4419421B6E00A2832F /* Images.xcassets in Resources */,
			);
			runOnlyForDeploymentPostprocessing = 0;
		};
		3328EB4719421B6E00A2832F /* Resources */ = {
			isa = PBXResourcesBuildPhase;
			buildActionMask = 2147483647;
			files = (
			);
			runOnlyForDeploymentPostprocessing = 0;
		};
/* End PBXResourcesBuildPhase section */

/* Begin PBXSourcesBuildPhase section */
		3328EB3819421B6E00A2832F /* Sources */ = {
			isa = PBXSourcesBuildPhase;
			buildActionMask = 2147483647;
			files = (
				3328EB4219421B6E00A2832F /* AppDelegate.swift in Sources */,
				3328EB5F19421C6A00A2832F /* TableViewController.swift in Sources */,
				3328EB5A19421B7A00A2832F /* TLJson.swift in Sources */,
			);
			runOnlyForDeploymentPostprocessing = 0;
		};
		3328EB4519421B6E00A2832F /* Sources */ = {
			isa = PBXSourcesBuildPhase;
			buildActionMask = 2147483647;
			files = (
				3328EB5019421B6E00A2832F /* TLJSONDemoTests.swift in Sources */,
			);
			runOnlyForDeploymentPostprocessing = 0;
		};
/* End PBXSourcesBuildPhase section */

/* Begin PBXTargetDependency section */
		3328EB4B19421B6E00A2832F /* PBXTargetDependency */ = {
			isa = PBXTargetDependency;
			target = 3328EB3B19421B6E00A2832F /* TLJSONDemo */;
			targetProxy = 3328EB4A19421B6E00A2832F /* PBXContainerItemProxy */;
		};
		3328EB6219421F1800A2832F /* PBXTargetDependency */ = {
			isa = PBXTargetDependency;
			target = 3328EB3B19421B6E00A2832F /* TLJSONDemo */;
			targetProxy = 3328EB6119421F1800A2832F /* PBXContainerItemProxy */;
		};
/* End PBXTargetDependency section */

/* Begin XCBuildConfiguration section */
		3328EB5119421B6E00A2832F /* Debug */ = {
			isa = XCBuildConfiguration;
			buildSettings = {
				ALWAYS_SEARCH_USER_PATHS = NO;
				CLANG_CXX_LANGUAGE_STANDARD = "gnu++0x";
				CLANG_CXX_LIBRARY = "libc++";
				CLANG_ENABLE_MODULES = YES;
				CLANG_ENABLE_OBJC_ARC = YES;
				CLANG_WARN_BOOL_CONVERSION = YES;
				CLANG_WARN_CONSTANT_CONVERSION = YES;
				CLANG_WARN_DIRECT_OBJC_ISA_USAGE = YES_ERROR;
				CLANG_WARN_EMPTY_BODY = YES;
				CLANG_WARN_ENUM_CONVERSION = YES;
				CLANG_WARN_INT_CONVERSION = YES;
				CLANG_WARN_OBJC_ROOT_CLASS = YES_ERROR;
				CLANG_WARN_UNREACHABLE_CODE = YES;
				CLANG_WARN__DUPLICATE_METHOD_MATCH = YES;
				"CODE_SIGN_IDENTITY[sdk=iphoneos*]" = "iPhone Developer";
				COPY_PHASE_STRIP = NO;
				ENABLE_STRICT_OBJC_MSGSEND = YES;
				GCC_C_LANGUAGE_STANDARD = gnu99;
				GCC_DYNAMIC_NO_PIC = NO;
				GCC_OPTIMIZATION_LEVEL = 0;
				GCC_PREPROCESSOR_DEFINITIONS = (
					"DEBUG=1",
					"$(inherited)",
				);
				GCC_SYMBOLS_PRIVATE_EXTERN = NO;
				GCC_WARN_64_TO_32_BIT_CONVERSION = YES;
				GCC_WARN_ABOUT_RETURN_TYPE = YES_ERROR;
				GCC_WARN_UNDECLARED_SELECTOR = YES;
				GCC_WARN_UNINITIALIZED_AUTOS = YES_AGGRESSIVE;
				GCC_WARN_UNUSED_FUNCTION = YES;
				GCC_WARN_UNUSED_VARIABLE = YES;
				IPHONEOS_DEPLOYMENT_TARGET = 8.0;
				METAL_ENABLE_DEBUG_INFO = YES;
				ONLY_ACTIVE_ARCH = YES;
				SDKROOT = iphoneos;
				SWIFT_OPTIMIZATION_LEVEL = "-Onone";
			};
			name = Debug;
		};
		3328EB5219421B6E00A2832F /* Release */ = {
			isa = XCBuildConfiguration;
			buildSettings = {
				ALWAYS_SEARCH_USER_PATHS = NO;
				CLANG_CXX_LANGUAGE_STANDARD = "gnu++0x";
				CLANG_CXX_LIBRARY = "libc++";
				CLANG_ENABLE_MODULES = YES;
				CLANG_ENABLE_OBJC_ARC = YES;
				CLANG_WARN_BOOL_CONVERSION = YES;
				CLANG_WARN_CONSTANT_CONVERSION = YES;
				CLANG_WARN_DIRECT_OBJC_ISA_USAGE = YES_ERROR;
				CLANG_WARN_EMPTY_BODY = YES;
				CLANG_WARN_ENUM_CONVERSION = YES;
				CLANG_WARN_INT_CONVERSION = YES;
				CLANG_WARN_OBJC_ROOT_CLASS = YES_ERROR;
				CLANG_WARN_UNREACHABLE_CODE = YES;
				CLANG_WARN__DUPLICATE_METHOD_MATCH = YES;
				"CODE_SIGN_IDENTITY[sdk=iphoneos*]" = "iPhone Developer";
				COPY_PHASE_STRIP = YES;
				ENABLE_NS_ASSERTIONS = NO;
				ENABLE_STRICT_OBJC_MSGSEND = YES;
				GCC_C_LANGUAGE_STANDARD = gnu99;
				GCC_WARN_64_TO_32_BIT_CONVERSION = YES;
				GCC_WARN_ABOUT_RETURN_TYPE = YES_ERROR;
				GCC_WARN_UNDECLARED_SELECTOR = YES;
				GCC_WARN_UNINITIALIZED_AUTOS = YES_AGGRESSIVE;
				GCC_WARN_UNUSED_FUNCTION = YES;
				GCC_WARN_UNUSED_VARIABLE = YES;
				IPHONEOS_DEPLOYMENT_TARGET = 8.0;
				METAL_ENABLE_DEBUG_INFO = NO;
				SDKROOT = iphoneos;
				VALIDATE_PRODUCT = YES;
			};
			name = Release;
		};
		3328EB5419421B6E00A2832F /* Debug */ = {
			isa = XCBuildConfiguration;
			buildSettings = {
				ASSETCATALOG_COMPILER_APPICON_NAME = AppIcon;
				ASSETCATALOG_COMPILER_LAUNCHIMAGE_NAME = LaunchImage;
				INFOPLIST_FILE = TLJSONDemo/Info.plist;
				LD_RUNPATH_SEARCH_PATHS = "$(inherited) @executable_path/Frameworks";
				PRODUCT_NAME = "$(TARGET_NAME)";
			};
			name = Debug;
		};
		3328EB5519421B6E00A2832F /* Release */ = {
			isa = XCBuildConfiguration;
			buildSettings = {
				ASSETCATALOG_COMPILER_APPICON_NAME = AppIcon;
				ASSETCATALOG_COMPILER_LAUNCHIMAGE_NAME = LaunchImage;
				INFOPLIST_FILE = TLJSONDemo/Info.plist;
				LD_RUNPATH_SEARCH_PATHS = "$(inherited) @executable_path/Frameworks";
				PRODUCT_NAME = "$(TARGET_NAME)";
			};
			name = Release;
		};
		3328EB5719421B6E00A2832F /* Debug */ = {
			isa = XCBuildConfiguration;
			buildSettings = {
				BUNDLE_LOADER = "$(BUILT_PRODUCTS_DIR)/TLJSONDemo.app/TLJSONDemo";
				FRAMEWORK_SEARCH_PATHS = (
					"$(SDKROOT)/Developer/Library/Frameworks",
					"$(inherited)",
				);
				GCC_PREPROCESSOR_DEFINITIONS = (
					"DEBUG=1",
					"$(inherited)",
				);
				INFOPLIST_FILE = TLJSONDemoTests/Info.plist;
				LD_RUNPATH_SEARCH_PATHS = "$(inherited) @executable_path/Frameworks @loader_path/Frameworks";
				METAL_ENABLE_DEBUG_INFO = YES;
				PRODUCT_NAME = "$(TARGET_NAME)";
				TEST_HOST = "$(BUNDLE_LOADER)";
			};
			name = Debug;
		};
		3328EB5819421B6E00A2832F /* Release */ = {
			isa = XCBuildConfiguration;
			buildSettings = {
				BUNDLE_LOADER = "$(BUILT_PRODUCTS_DIR)/TLJSONDemo.app/TLJSONDemo";
				FRAMEWORK_SEARCH_PATHS = (
					"$(SDKROOT)/Developer/Library/Frameworks",
					"$(inherited)",
				);
				INFOPLIST_FILE = TLJSONDemoTests/Info.plist;
				LD_RUNPATH_SEARCH_PATHS = "$(inherited) @executable_path/Frameworks @loader_path/Frameworks";
				METAL_ENABLE_DEBUG_INFO = NO;
				PRODUCT_NAME = "$(TARGET_NAME)";
				TEST_HOST = "$(BUNDLE_LOADER)";
			};
			name = Release;
		};
/* End XCBuildConfiguration section */

/* Begin XCConfigurationList section */
		3328EB3719421B6E00A2832F /* Build configuration list for PBXProject "TLJSONDemo" */ = {
			isa = XCConfigurationList;
			buildConfigurations = (
				3328EB5119421B6E00A2832F /* Debug */,
				3328EB5219421B6E00A2832F /* Release */,
			);
			defaultConfigurationIsVisible = 0;
			defaultConfigurationName = Release;
		};
		3328EB5319421B6E00A2832F /* Build configuration list for PBXNativeTarget "TLJSONDemo" */ = {
			isa = XCConfigurationList;
			buildConfigurations = (
				3328EB5419421B6E00A2832F /* Debug */,
				3328EB5519421B6E00A2832F /* Release */,
			);
			defaultConfigurationIsVisible = 0;
		};
		3328EB5619421B6E00A2832F /* Build configuration list for PBXNativeTarget "TLJSONDemoTests" */ = {
			isa = XCConfigurationList;
			buildConfigurations = (
				3328EB5719421B6E00A2832F /* Debug */,
				3328EB5819421B6E00A2832F /* Release */,
			);
			defaultConfigurationIsVisible = 0;
		};
/* End XCConfigurationList section */
	};
	rootObject = 3328EB3419421B6E00A2832F /* Project object */;
}
